
Microsoft Visual Studio Solution File, Format Version 12.00
# Visual Studio Version 17
VisualStudioVersion = 17.1.32421.90
MinimumVisualStudioVersion = 10.0.40219.1
Project("{FAE04EC0-301F-11D3-BF4B-00C04F79EFBC}") = "Nlog_AspNetCore", "Nlog_AspNetCore\Nlog_AspNetCore.csproj", "{D815FEC8-D072-4741-93AF-35641EC84560}"
EndProject
Global
	GlobalSection(SolutionConfigurationPlatforms) = preSolution
		Debug|Any CPU = Debug|Any CPU
		Release|Any CPU = Release|Any CPU
	EndGlobalSection
	GlobalSection(ProjectConfigurationPlatforms) = postSolution
		{D815FEC8-D072-4741-93AF-35641EC84560}.Debug|Any CPU.ActiveCfg = Debug|Any CPU
		{D815FEC8-D072-4741-93AF-35641EC84560}.Debug|Any CPU.Build.0 = Debug|Any CPU
		{D815FEC8-D072-4741-93AF-35641EC84560}.Release|Any CPU.ActiveCfg = Release|Any CPU
		{D815FEC8-D072-4741-93AF-35641EC84560}.Release|Any CPU.Build.0 = Release|Any CPU
	EndGlobalSection
	GlobalSection(SolutionProperties) = preSolution
		HideSolutionNode = FALSE
	EndGlobalSection
	GlobalSection(ExtensibilityGlobals) = postSolution
		SolutionGuid = {3D3EE845-D555-4D10-8F2A-EC26AB8E9EF2}
	EndGlobalSection
EndGlobal
